
Microsoft Visual Studio Solution File, Format Version 12.00
# Visual Studio 15
Project("{FAE04EC0-301F-11D3-BF4B-00C04F79EFBC}") = "Assembly-CSharp", "Assembly-CSharp.csproj", "{B83161A9-7E32-6DEC-2DAE-966582D58717}"
EndProject
Project("{FAE04EC0-301F-11D3-BF4B-00C04F79EFBC}") = "Assembly-CSharp-Editor", "Assembly-CSharp-Editor.csproj", "{12689B8F-E1AB-1842-E406-526827E4D2C7}"
EndProject
Global
	GlobalSection(SolutionConfigurationPlatforms) = preSolution
		Debug|Any CPU = Debug|Any CPU
		Release|Any CPU = Release|Any CPU
	EndGlobalSection
	GlobalSection(ProjectConfigurationPlatforms) = postSolution
		{B83161A9-7E32-6DEC-2DAE-966582D58717}.Debug|Any CPU.ActiveCfg = Debug|Any CPU
		{B83161A9-7E32-6DEC-2DAE-966582D58717}.Debug|Any CPU.Build.0 = Debug|Any CPU
		{B83161A9-7E32-6DEC-2DAE-966582D58717}.Release|Any CPU.ActiveCfg = Release|Any CPU
		{B83161A9-7E32-6DEC-2DAE-966582D58717}.Release|Any CPU.Build.0 = Release|Any CPU
		{12689B8F-E1AB-1842-E406-526827E4D2C7}.Debug|Any CPU.ActiveCfg = Debug|Any CPU
		{12689B8F-E1AB-1842-E406-526827E4D2C7}.Debug|Any CPU.Build.0 = Debug|Any CPU
		{12689B8F-E1AB-1842-E406-526827E4D2C7}.Release|Any CPU.ActiveCfg = Release|Any CPU
		{12689B8F-E1AB-1842-E406-526827E4D2C7}.Release|Any CPU.Build.0 = Release|Any CPU
	EndGlobalSection
	GlobalSection(SolutionProperties) = preSolution
		HideSolutionNode = FALSE
	EndGlobalSection
EndGlobal
